
Microsoft Visual Studio Solution File, Format Version 12.00
# Visual Studio Version 17
VisualStudioVersion = 17.8.34212.112
MinimumVisualStudioVersion = 10.0.40219.1
Project("{FAE04EC0-301F-11D3-BF4B-00C04F79EFBC}") = "Array argument", "Array argument.csproj", "{DC88BE71-B590-406F-83F5-CD0A8BFBFD1F}"
EndProject
Global
	GlobalSection(SolutionConfigurationPlatforms) = preSolution
		Debug|Any CPU = Debug|Any CPU
		Release|Any CPU = Release|Any CPU
	EndGlobalSection
	GlobalSection(ProjectConfigurationPlatforms) = postSolution
		{DC88BE71-B590-406F-83F5-CD0A8BFBFD1F}.Debug|Any CPU.ActiveCfg = Debug|Any CPU
		{DC88BE71-B590-406F-83F5-CD0A8BFBFD1F}.Debug|Any CPU.Build.0 = Debug|Any CPU
		{DC88BE71-B590-406F-83F5-CD0A8BFBFD1F}.Release|Any CPU.ActiveCfg = Release|Any CPU
		{DC88BE71-B590-406F-83F5-CD0A8BFBFD1F}.Release|Any CPU.Build.0 = Release|Any CPU
	EndGlobalSection
	GlobalSection(SolutionProperties) = preSolution
		HideSolutionNode = FALSE
	EndGlobalSection
	GlobalSection(ExtensibilityGlobals) = postSolution
		SolutionGuid = {B879E488-536A-48E2-94C2-882DC5F36014}
	EndGlobalSection
EndGlobal
