
Microsoft Visual Studio Solution File, Format Version 12.00
# Visual Studio Version 17
VisualStudioVersion = 17.8.34212.112
MinimumVisualStudioVersion = 10.0.40219.1
Project("{FAE04EC0-301F-11D3-BF4B-00C04F79EFBC}") = "Array List", "Array List.csproj", "{0E5E7C5A-10F1-432B-91C8-A954D02D875D}"
EndProject
Global
	GlobalSection(SolutionConfigurationPlatforms) = preSolution
		Debug|Any CPU = Debug|Any CPU
		Release|Any CPU = Release|Any CPU
	EndGlobalSection
	GlobalSection(ProjectConfigurationPlatforms) = postSolution
		{0E5E7C5A-10F1-432B-91C8-A954D02D875D}.Debug|Any CPU.ActiveCfg = Debug|Any CPU
		{0E5E7C5A-10F1-432B-91C8-A954D02D875D}.Debug|Any CPU.Build.0 = Debug|Any CPU
		{0E5E7C5A-10F1-432B-91C8-A954D02D875D}.Release|Any CPU.ActiveCfg = Release|Any CPU
		{0E5E7C5A-10F1-432B-91C8-A954D02D875D}.Release|Any CPU.Build.0 = Release|Any CPU
	EndGlobalSection
	GlobalSection(SolutionProperties) = preSolution
		HideSolutionNode = FALSE
	EndGlobalSection
	GlobalSection(ExtensibilityGlobals) = postSolution
		SolutionGuid = {E0CE89CD-FF3B-4454-8150-E62833D82AD6}
	EndGlobalSection
EndGlobal
