
Microsoft Visual Studio Solution File, Format Version 12.00
# Visual Studio Version 17
VisualStudioVersion = 17.8.34212.112
MinimumVisualStudioVersion = 10.0.40219.1
Project("{FAE04EC0-301F-11D3-BF4B-00C04F79EFBC}") = "monthday_swh", "monthday_swh.csproj", "{BFD91E91-68B5-403D-9881-AFB4B5A9E1D9}"
EndProject
Global
	GlobalSection(SolutionConfigurationPlatforms) = preSolution
		Debug|Any CPU = Debug|Any CPU
		Release|Any CPU = Release|Any CPU
	EndGlobalSection
	GlobalSection(ProjectConfigurationPlatforms) = postSolution
		{BFD91E91-68B5-403D-9881-AFB4B5A9E1D9}.Debug|Any CPU.ActiveCfg = Debug|Any CPU
		{BFD91E91-68B5-403D-9881-AFB4B5A9E1D9}.Debug|Any CPU.Build.0 = Debug|Any CPU
		{BFD91E91-68B5-403D-9881-AFB4B5A9E1D9}.Release|Any CPU.ActiveCfg = Release|Any CPU
		{BFD91E91-68B5-403D-9881-AFB4B5A9E1D9}.Release|Any CPU.Build.0 = Release|Any CPU
	EndGlobalSection
	GlobalSection(SolutionProperties) = preSolution
		HideSolutionNode = FALSE
	EndGlobalSection
	GlobalSection(ExtensibilityGlobals) = postSolution
		SolutionGuid = {07B61D36-650F-4011-AFB3-CFD3011159E5}
	EndGlobalSection
EndGlobal
