
Microsoft Visual Studio Solution File, Format Version 12.00
# Visual Studio Version 17
VisualStudioVersion = 17.8.34212.112
MinimumVisualStudioVersion = 10.0.40219.1
Project("{FAE04EC0-301F-11D3-BF4B-00C04F79EFBC}") = "nstudentmark_dowhile", "nstudentmark_dowhile.csproj", "{7AC0C0D1-CAE0-49FD-A932-596BFA89C72E}"
EndProject
Global
	GlobalSection(SolutionConfigurationPlatforms) = preSolution
		Debug|Any CPU = Debug|Any CPU
		Release|Any CPU = Release|Any CPU
	EndGlobalSection
	GlobalSection(ProjectConfigurationPlatforms) = postSolution
		{7AC0C0D1-CAE0-49FD-A932-596BFA89C72E}.Debug|Any CPU.ActiveCfg = Debug|Any CPU
		{7AC0C0D1-CAE0-49FD-A932-596BFA89C72E}.Debug|Any CPU.Build.0 = Debug|Any CPU
		{7AC0C0D1-CAE0-49FD-A932-596BFA89C72E}.Release|Any CPU.ActiveCfg = Release|Any CPU
		{7AC0C0D1-CAE0-49FD-A932-596BFA89C72E}.Release|Any CPU.Build.0 = Release|Any CPU
	EndGlobalSection
	GlobalSection(SolutionProperties) = preSolution
		HideSolutionNode = FALSE
	EndGlobalSection
	GlobalSection(ExtensibilityGlobals) = postSolution
		SolutionGuid = {47B80647-E9BE-4AA8-81EC-F27753DC5076}
	EndGlobalSection
EndGlobal
