
Microsoft Visual Studio Solution File, Format Version 12.00
# Visual Studio Version 17
VisualStudioVersion = 17.8.34212.112
MinimumVisualStudioVersion = 10.0.40219.1
Project("{FAE04EC0-301F-11D3-BF4B-00C04F79EFBC}") = "Array_FUNCTION", "Array_FUNCTION.csproj", "{9454B77F-3B68-4398-A5EC-876B3D830CBF}"
EndProject
Global
	GlobalSection(SolutionConfigurationPlatforms) = preSolution
		Debug|Any CPU = Debug|Any CPU
		Release|Any CPU = Release|Any CPU
	EndGlobalSection
	GlobalSection(ProjectConfigurationPlatforms) = postSolution
		{9454B77F-3B68-4398-A5EC-876B3D830CBF}.Debug|Any CPU.ActiveCfg = Debug|Any CPU
		{9454B77F-3B68-4398-A5EC-876B3D830CBF}.Debug|Any CPU.Build.0 = Debug|Any CPU
		{9454B77F-3B68-4398-A5EC-876B3D830CBF}.Release|Any CPU.ActiveCfg = Release|Any CPU
		{9454B77F-3B68-4398-A5EC-876B3D830CBF}.Release|Any CPU.Build.0 = Release|Any CPU
	EndGlobalSection
	GlobalSection(SolutionProperties) = preSolution
		HideSolutionNode = FALSE
	EndGlobalSection
	GlobalSection(ExtensibilityGlobals) = postSolution
		SolutionGuid = {EC3CED62-7103-40EB-B1E5-006B7FB0BE0A}
	EndGlobalSection
EndGlobal
