
Microsoft Visual Studio Solution File, Format Version 12.00
# Visual Studio Version 17
VisualStudioVersion = 17.8.34212.112
MinimumVisualStudioVersion = 10.0.40219.1
Project("{FAE04EC0-301F-11D3-BF4B-00C04F79EFBC}") = "row2column3dimensionarray", "row2column3dimensionarray.csproj", "{82041C87-5FDB-4B7B-95D3-901669A51367}"
EndProject
Global
	GlobalSection(SolutionConfigurationPlatforms) = preSolution
		Debug|Any CPU = Debug|Any CPU
		Release|Any CPU = Release|Any CPU
	EndGlobalSection
	GlobalSection(ProjectConfigurationPlatforms) = postSolution
		{82041C87-5FDB-4B7B-95D3-901669A51367}.Debug|Any CPU.ActiveCfg = Debug|Any CPU
		{82041C87-5FDB-4B7B-95D3-901669A51367}.Debug|Any CPU.Build.0 = Debug|Any CPU
		{82041C87-5FDB-4B7B-95D3-901669A51367}.Release|Any CPU.ActiveCfg = Release|Any CPU
		{82041C87-5FDB-4B7B-95D3-901669A51367}.Release|Any CPU.Build.0 = Release|Any CPU
	EndGlobalSection
	GlobalSection(SolutionProperties) = preSolution
		HideSolutionNode = FALSE
	EndGlobalSection
	GlobalSection(ExtensibilityGlobals) = postSolution
		SolutionGuid = {8CBB13C4-0D3F-4BCD-89C9-BA0A4568FE0F}
	EndGlobalSection
EndGlobal
