
Microsoft Visual Studio Solution File, Format Version 12.00
# Visual Studio Version 17
VisualStudioVersion = 17.8.34212.112
MinimumVisualStudioVersion = 10.0.40219.1
Project("{FAE04EC0-301F-11D3-BF4B-00C04F79EFBC}") = "C# class multiple class", "C# class multiple class.csproj", "{46BFC820-57CF-4B30-B8D6-BE46FCB290FD}"
EndProject
Global
	GlobalSection(SolutionConfigurationPlatforms) = preSolution
		Debug|Any CPU = Debug|Any CPU
		Release|Any CPU = Release|Any CPU
	EndGlobalSection
	GlobalSection(ProjectConfigurationPlatforms) = postSolution
		{46BFC820-57CF-4B30-B8D6-BE46FCB290FD}.Debug|Any CPU.ActiveCfg = Debug|Any CPU
		{46BFC820-57CF-4B30-B8D6-BE46FCB290FD}.Debug|Any CPU.Build.0 = Debug|Any CPU
		{46BFC820-57CF-4B30-B8D6-BE46FCB290FD}.Release|Any CPU.ActiveCfg = Release|Any CPU
		{46BFC820-57CF-4B30-B8D6-BE46FCB290FD}.Release|Any CPU.Build.0 = Release|Any CPU
	EndGlobalSection
	GlobalSection(SolutionProperties) = preSolution
		HideSolutionNode = FALSE
	EndGlobalSection
	GlobalSection(ExtensibilityGlobals) = postSolution
		SolutionGuid = {8EFB2610-1A91-452C-A5FC-C2039982E685}
	EndGlobalSection
EndGlobal
