
Microsoft Visual Studio Solution File, Format Version 12.00
# Visual Studio Version 17
VisualStudioVersion = 17.8.34212.112
MinimumVisualStudioVersion = 10.0.40219.1
Project("{FAE04EC0-301F-11D3-BF4B-00C04F79EFBC}") = "JaggedArray", "JaggedArray.csproj", "{88C6B85B-5B56-4627-BE6E-22556D502AD4}"
EndProject
Global
	GlobalSection(SolutionConfigurationPlatforms) = preSolution
		Debug|Any CPU = Debug|Any CPU
		Release|Any CPU = Release|Any CPU
	EndGlobalSection
	GlobalSection(ProjectConfigurationPlatforms) = postSolution
		{88C6B85B-5B56-4627-BE6E-22556D502AD4}.Debug|Any CPU.ActiveCfg = Debug|Any CPU
		{88C6B85B-5B56-4627-BE6E-22556D502AD4}.Debug|Any CPU.Build.0 = Debug|Any CPU
		{88C6B85B-5B56-4627-BE6E-22556D502AD4}.Release|Any CPU.ActiveCfg = Release|Any CPU
		{88C6B85B-5B56-4627-BE6E-22556D502AD4}.Release|Any CPU.Build.0 = Release|Any CPU
	EndGlobalSection
	GlobalSection(SolutionProperties) = preSolution
		HideSolutionNode = FALSE
	EndGlobalSection
	GlobalSection(ExtensibilityGlobals) = postSolution
		SolutionGuid = {60595E38-614E-45B6-8747-DC8B551A99F9}
	EndGlobalSection
EndGlobal
