
Microsoft Visual Studio Solution File, Format Version 12.00
# Visual Studio Version 17
VisualStudioVersion = 17.8.34212.112
MinimumVisualStudioVersion = 10.0.40219.1
Project("{FAE04EC0-301F-11D3-BF4B-00C04F79EFBC}") = "gradearray", "gradearray.csproj", "{EB486809-0DFF-4B72-A759-C65ABFECFB29}"
EndProject
Global
	GlobalSection(SolutionConfigurationPlatforms) = preSolution
		Debug|Any CPU = Debug|Any CPU
		Release|Any CPU = Release|Any CPU
	EndGlobalSection
	GlobalSection(ProjectConfigurationPlatforms) = postSolution
		{EB486809-0DFF-4B72-A759-C65ABFECFB29}.Debug|Any CPU.ActiveCfg = Debug|Any CPU
		{EB486809-0DFF-4B72-A759-C65ABFECFB29}.Debug|Any CPU.Build.0 = Debug|Any CPU
		{EB486809-0DFF-4B72-A759-C65ABFECFB29}.Release|Any CPU.ActiveCfg = Release|Any CPU
		{EB486809-0DFF-4B72-A759-C65ABFECFB29}.Release|Any CPU.Build.0 = Release|Any CPU
	EndGlobalSection
	GlobalSection(SolutionProperties) = preSolution
		HideSolutionNode = FALSE
	EndGlobalSection
	GlobalSection(ExtensibilityGlobals) = postSolution
		SolutionGuid = {6B9AD803-0C5F-4C5E-9318-F0D64559F798}
	EndGlobalSection
EndGlobal
