
Microsoft Visual Studio Solution File, Format Version 12.00
# Visual Studio Version 17
VisualStudioVersion = 17.8.34212.112
MinimumVisualStudioVersion = 10.0.40219.1
Project("{FAE04EC0-301F-11D3-BF4B-00C04F79EFBC}") = "7to39oddnumberssum_whileL", "7to39oddnumberssum_whileL.csproj", "{C1187F76-E6F0-47BA-9A42-ADE608021D66}"
EndProject
Global
	GlobalSection(SolutionConfigurationPlatforms) = preSolution
		Debug|Any CPU = Debug|Any CPU
		Release|Any CPU = Release|Any CPU
	EndGlobalSection
	GlobalSection(ProjectConfigurationPlatforms) = postSolution
		{C1187F76-E6F0-47BA-9A42-ADE608021D66}.Debug|Any CPU.ActiveCfg = Debug|Any CPU
		{C1187F76-E6F0-47BA-9A42-ADE608021D66}.Debug|Any CPU.Build.0 = Debug|Any CPU
		{C1187F76-E6F0-47BA-9A42-ADE608021D66}.Release|Any CPU.ActiveCfg = Release|Any CPU
		{C1187F76-E6F0-47BA-9A42-ADE608021D66}.Release|Any CPU.Build.0 = Release|Any CPU
	EndGlobalSection
	GlobalSection(SolutionProperties) = preSolution
		HideSolutionNode = FALSE
	EndGlobalSection
	GlobalSection(ExtensibilityGlobals) = postSolution
		SolutionGuid = {E0C5C6DF-BDAE-4D5C-9986-ADF512937924}
	EndGlobalSection
EndGlobal
