
Microsoft Visual Studio Solution File, Format Version 12.00
# Visual Studio Version 17
VisualStudioVersion = 17.8.34212.112
MinimumVisualStudioVersion = 10.0.40219.1
Project("{FAE04EC0-301F-11D3-BF4B-00C04F79EFBC}") = "1forthestupidtime", "1forthestupidtime.csproj", "{1599FB3D-D03E-439C-8115-D6F0E56AE09A}"
EndProject
Global
	GlobalSection(SolutionConfigurationPlatforms) = preSolution
		Debug|Any CPU = Debug|Any CPU
		Release|Any CPU = Release|Any CPU
	EndGlobalSection
	GlobalSection(ProjectConfigurationPlatforms) = postSolution
		{1599FB3D-D03E-439C-8115-D6F0E56AE09A}.Debug|Any CPU.ActiveCfg = Debug|Any CPU
		{1599FB3D-D03E-439C-8115-D6F0E56AE09A}.Debug|Any CPU.Build.0 = Debug|Any CPU
		{1599FB3D-D03E-439C-8115-D6F0E56AE09A}.Release|Any CPU.ActiveCfg = Release|Any CPU
		{1599FB3D-D03E-439C-8115-D6F0E56AE09A}.Release|Any CPU.Build.0 = Release|Any CPU
	EndGlobalSection
	GlobalSection(SolutionProperties) = preSolution
		HideSolutionNode = FALSE
	EndGlobalSection
	GlobalSection(ExtensibilityGlobals) = postSolution
		SolutionGuid = {F86EA7B8-9198-4FF0-8C62-D643E68EEDD0}
	EndGlobalSection
EndGlobal
