
Microsoft Visual Studio Solution File, Format Version 12.00
# Visual Studio Version 17
VisualStudioVersion = 17.8.34212.112
MinimumVisualStudioVersion = 10.0.40219.1
Project("{FAE04EC0-301F-11D3-BF4B-00C04F79EFBC}") = "hw", "hw.csproj", "{EE23B353-F823-4F42-9885-267A735B1EFA}"
EndProject
Global
	GlobalSection(SolutionConfigurationPlatforms) = preSolution
		Debug|Any CPU = Debug|Any CPU
		Release|Any CPU = Release|Any CPU
	EndGlobalSection
	GlobalSection(ProjectConfigurationPlatforms) = postSolution
		{EE23B353-F823-4F42-9885-267A735B1EFA}.Debug|Any CPU.ActiveCfg = Debug|Any CPU
		{EE23B353-F823-4F42-9885-267A735B1EFA}.Debug|Any CPU.Build.0 = Debug|Any CPU
		{EE23B353-F823-4F42-9885-267A735B1EFA}.Release|Any CPU.ActiveCfg = Release|Any CPU
		{EE23B353-F823-4F42-9885-267A735B1EFA}.Release|Any CPU.Build.0 = Release|Any CPU
	EndGlobalSection
	GlobalSection(SolutionProperties) = preSolution
		HideSolutionNode = FALSE
	EndGlobalSection
	GlobalSection(ExtensibilityGlobals) = postSolution
		SolutionGuid = {D936C856-90C0-41ED-9911-63E3BABFF98C}
	EndGlobalSection
EndGlobal
