
Microsoft Visual Studio Solution File, Format Version 12.00
# Visual Studio Version 17
VisualStudioVersion = 17.8.34212.112
MinimumVisualStudioVersion = 10.0.40219.1
Project("{FAE04EC0-301F-11D3-BF4B-00C04F79EFBC}") = "sortasendingorder_arrary", "sortasendingorder_arrary.csproj", "{F4AB4E59-43E2-44F3-B244-78B9F5EAD4A4}"
EndProject
Global
	GlobalSection(SolutionConfigurationPlatforms) = preSolution
		Debug|Any CPU = Debug|Any CPU
		Release|Any CPU = Release|Any CPU
	EndGlobalSection
	GlobalSection(ProjectConfigurationPlatforms) = postSolution
		{F4AB4E59-43E2-44F3-B244-78B9F5EAD4A4}.Debug|Any CPU.ActiveCfg = Debug|Any CPU
		{F4AB4E59-43E2-44F3-B244-78B9F5EAD4A4}.Debug|Any CPU.Build.0 = Debug|Any CPU
		{F4AB4E59-43E2-44F3-B244-78B9F5EAD4A4}.Release|Any CPU.ActiveCfg = Release|Any CPU
		{F4AB4E59-43E2-44F3-B244-78B9F5EAD4A4}.Release|Any CPU.Build.0 = Release|Any CPU
	EndGlobalSection
	GlobalSection(SolutionProperties) = preSolution
		HideSolutionNode = FALSE
	EndGlobalSection
	GlobalSection(ExtensibilityGlobals) = postSolution
		SolutionGuid = {94C002A8-0DE1-473C-828E-6792F4D353A4}
	EndGlobalSection
EndGlobal
