
Microsoft Visual Studio Solution File, Format Version 12.00
# Visual Studio Version 17
VisualStudioVersion = 17.8.34212.112
MinimumVisualStudioVersion = 10.0.40219.1
Project("{FAE04EC0-301F-11D3-BF4B-00C04F79EFBC}") = "assignments", "assignments.csproj", "{4BF675DA-ED49-4F23-A777-2E6410CDE664}"
EndProject
Global
	GlobalSection(SolutionConfigurationPlatforms) = preSolution
		Debug|Any CPU = Debug|Any CPU
		Release|Any CPU = Release|Any CPU
	EndGlobalSection
	GlobalSection(ProjectConfigurationPlatforms) = postSolution
		{4BF675DA-ED49-4F23-A777-2E6410CDE664}.Debug|Any CPU.ActiveCfg = Debug|Any CPU
		{4BF675DA-ED49-4F23-A777-2E6410CDE664}.Debug|Any CPU.Build.0 = Debug|Any CPU
		{4BF675DA-ED49-4F23-A777-2E6410CDE664}.Release|Any CPU.ActiveCfg = Release|Any CPU
		{4BF675DA-ED49-4F23-A777-2E6410CDE664}.Release|Any CPU.Build.0 = Release|Any CPU
	EndGlobalSection
	GlobalSection(SolutionProperties) = preSolution
		HideSolutionNode = FALSE
	EndGlobalSection
	GlobalSection(ExtensibilityGlobals) = postSolution
		SolutionGuid = {38B00810-0B4E-481A-89DB-DA252E3BF8D9}
	EndGlobalSection
EndGlobal
