
Microsoft Visual Studio Solution File, Format Version 12.00
# Visual Studio Version 17
VisualStudioVersion = 17.8.34212.112
MinimumVisualStudioVersion = 10.0.40219.1
Project("{FAE04EC0-301F-11D3-BF4B-00C04F79EFBC}") = "Array practice", "Array practice.csproj", "{65509795-3900-4D40-BB02-F3DE51D87A38}"
EndProject
Global
	GlobalSection(SolutionConfigurationPlatforms) = preSolution
		Debug|Any CPU = Debug|Any CPU
		Release|Any CPU = Release|Any CPU
	EndGlobalSection
	GlobalSection(ProjectConfigurationPlatforms) = postSolution
		{65509795-3900-4D40-BB02-F3DE51D87A38}.Debug|Any CPU.ActiveCfg = Debug|Any CPU
		{65509795-3900-4D40-BB02-F3DE51D87A38}.Debug|Any CPU.Build.0 = Debug|Any CPU
		{65509795-3900-4D40-BB02-F3DE51D87A38}.Release|Any CPU.ActiveCfg = Release|Any CPU
		{65509795-3900-4D40-BB02-F3DE51D87A38}.Release|Any CPU.Build.0 = Release|Any CPU
	EndGlobalSection
	GlobalSection(SolutionProperties) = preSolution
		HideSolutionNode = FALSE
	EndGlobalSection
	GlobalSection(ExtensibilityGlobals) = postSolution
		SolutionGuid = {F07384AD-FDDF-4AAF-A48B-BDB3584BC17D}
	EndGlobalSection
EndGlobal
