
Microsoft Visual Studio Solution File, Format Version 12.00
# Visual Studio Version 17
VisualStudioVersion = 17.8.34212.112
MinimumVisualStudioVersion = 10.0.40219.1
Project("{FAE04EC0-301F-11D3-BF4B-00C04F79EFBC}") = "minmax", "minmax.csproj", "{9180047C-619C-4C88-9314-063C7757AB2C}"
EndProject
Global
	GlobalSection(SolutionConfigurationPlatforms) = preSolution
		Debug|Any CPU = Debug|Any CPU
		Release|Any CPU = Release|Any CPU
	EndGlobalSection
	GlobalSection(ProjectConfigurationPlatforms) = postSolution
		{9180047C-619C-4C88-9314-063C7757AB2C}.Debug|Any CPU.ActiveCfg = Debug|Any CPU
		{9180047C-619C-4C88-9314-063C7757AB2C}.Debug|Any CPU.Build.0 = Debug|Any CPU
		{9180047C-619C-4C88-9314-063C7757AB2C}.Release|Any CPU.ActiveCfg = Release|Any CPU
		{9180047C-619C-4C88-9314-063C7757AB2C}.Release|Any CPU.Build.0 = Release|Any CPU
	EndGlobalSection
	GlobalSection(SolutionProperties) = preSolution
		HideSolutionNode = FALSE
	EndGlobalSection
	GlobalSection(ExtensibilityGlobals) = postSolution
		SolutionGuid = {0290AF0C-5F26-4284-8750-C480B7D54501}
	EndGlobalSection
EndGlobal
