
Microsoft Visual Studio Solution File, Format Version 12.00
# Visual Studio Version 17
VisualStudioVersion = 17.8.34212.112
MinimumVisualStudioVersion = 10.0.40219.1
Project("{FAE04EC0-301F-11D3-BF4B-00C04F79EFBC}") = "examfailorpass", "examfailorpass.csproj", "{FD46C4D8-2290-42A5-83EC-133EF0B022D3}"
EndProject
Global
	GlobalSection(SolutionConfigurationPlatforms) = preSolution
		Debug|Any CPU = Debug|Any CPU
		Release|Any CPU = Release|Any CPU
	EndGlobalSection
	GlobalSection(ProjectConfigurationPlatforms) = postSolution
		{FD46C4D8-2290-42A5-83EC-133EF0B022D3}.Debug|Any CPU.ActiveCfg = Debug|Any CPU
		{FD46C4D8-2290-42A5-83EC-133EF0B022D3}.Debug|Any CPU.Build.0 = Debug|Any CPU
		{FD46C4D8-2290-42A5-83EC-133EF0B022D3}.Release|Any CPU.ActiveCfg = Release|Any CPU
		{FD46C4D8-2290-42A5-83EC-133EF0B022D3}.Release|Any CPU.Build.0 = Release|Any CPU
	EndGlobalSection
	GlobalSection(SolutionProperties) = preSolution
		HideSolutionNode = FALSE
	EndGlobalSection
	GlobalSection(ExtensibilityGlobals) = postSolution
		SolutionGuid = {DE884F4D-19E5-4587-AEEC-79116388C332}
	EndGlobalSection
EndGlobal
