
Microsoft Visual Studio Solution File, Format Version 12.00
# Visual Studio Version 17
VisualStudioVersion = 17.8.34212.112
MinimumVisualStudioVersion = 10.0.40219.1
Project("{FAE04EC0-301F-11D3-BF4B-00C04F79EFBC}") = "arraryexercise.omo", "arraryexercise.omo.csproj", "{A454770F-69B6-491A-B461-8D592BAD9F1B}"
EndProject
Global
	GlobalSection(SolutionConfigurationPlatforms) = preSolution
		Debug|Any CPU = Debug|Any CPU
		Release|Any CPU = Release|Any CPU
	EndGlobalSection
	GlobalSection(ProjectConfigurationPlatforms) = postSolution
		{A454770F-69B6-491A-B461-8D592BAD9F1B}.Debug|Any CPU.ActiveCfg = Debug|Any CPU
		{A454770F-69B6-491A-B461-8D592BAD9F1B}.Debug|Any CPU.Build.0 = Debug|Any CPU
		{A454770F-69B6-491A-B461-8D592BAD9F1B}.Release|Any CPU.ActiveCfg = Release|Any CPU
		{A454770F-69B6-491A-B461-8D592BAD9F1B}.Release|Any CPU.Build.0 = Release|Any CPU
	EndGlobalSection
	GlobalSection(SolutionProperties) = preSolution
		HideSolutionNode = FALSE
	EndGlobalSection
	GlobalSection(ExtensibilityGlobals) = postSolution
		SolutionGuid = {00A502B1-2669-41F4-8DF3-CA68CB251D6D}
	EndGlobalSection
EndGlobal
