
Microsoft Visual Studio Solution File, Format Version 12.00
# Visual Studio Version 17
VisualStudioVersion = 17.8.34212.112
MinimumVisualStudioVersion = 10.0.40219.1
Project("{FAE04EC0-301F-11D3-BF4B-00C04F79EFBC}") = "Avarage.method", "Avarage.method.csproj", "{1D4187FA-7DF2-4F69-838C-E7598E6B58E4}"
EndProject
Global
	GlobalSection(SolutionConfigurationPlatforms) = preSolution
		Debug|Any CPU = Debug|Any CPU
		Release|Any CPU = Release|Any CPU
	EndGlobalSection
	GlobalSection(ProjectConfigurationPlatforms) = postSolution
		{1D4187FA-7DF2-4F69-838C-E7598E6B58E4}.Debug|Any CPU.ActiveCfg = Debug|Any CPU
		{1D4187FA-7DF2-4F69-838C-E7598E6B58E4}.Debug|Any CPU.Build.0 = Debug|Any CPU
		{1D4187FA-7DF2-4F69-838C-E7598E6B58E4}.Release|Any CPU.ActiveCfg = Release|Any CPU
		{1D4187FA-7DF2-4F69-838C-E7598E6B58E4}.Release|Any CPU.Build.0 = Release|Any CPU
	EndGlobalSection
	GlobalSection(SolutionProperties) = preSolution
		HideSolutionNode = FALSE
	EndGlobalSection
	GlobalSection(ExtensibilityGlobals) = postSolution
		SolutionGuid = {00D94AB0-378B-4649-8E33-88DDC5ABCAB5}
	EndGlobalSection
EndGlobal
