
Microsoft Visual Studio Solution File, Format Version 12.00
# Visual Studio Version 17
VisualStudioVersion = 17.8.34212.112
MinimumVisualStudioVersion = 10.0.40219.1
Project("{FAE04EC0-301F-11D3-BF4B-00C04F79EFBC}") = "operator exercise2", "operator exercise2.csproj", "{934E1FF5-AFE8-47AE-9DA9-6056D82A39E4}"
EndProject
Global
	GlobalSection(SolutionConfigurationPlatforms) = preSolution
		Debug|Any CPU = Debug|Any CPU
		Release|Any CPU = Release|Any CPU
	EndGlobalSection
	GlobalSection(ProjectConfigurationPlatforms) = postSolution
		{934E1FF5-AFE8-47AE-9DA9-6056D82A39E4}.Debug|Any CPU.ActiveCfg = Debug|Any CPU
		{934E1FF5-AFE8-47AE-9DA9-6056D82A39E4}.Debug|Any CPU.Build.0 = Debug|Any CPU
		{934E1FF5-AFE8-47AE-9DA9-6056D82A39E4}.Release|Any CPU.ActiveCfg = Release|Any CPU
		{934E1FF5-AFE8-47AE-9DA9-6056D82A39E4}.Release|Any CPU.Build.0 = Release|Any CPU
	EndGlobalSection
	GlobalSection(SolutionProperties) = preSolution
		HideSolutionNode = FALSE
	EndGlobalSection
	GlobalSection(ExtensibilityGlobals) = postSolution
		SolutionGuid = {9BD6C96D-D9FD-419C-9649-16028FFA0E1A}
	EndGlobalSection
EndGlobal
