
Microsoft Visual Studio Solution File, Format Version 12.00
# Visual Studio Version 17
VisualStudioVersion = 17.8.34212.112
MinimumVisualStudioVersion = 10.0.40219.1
Project("{FAE04EC0-301F-11D3-BF4B-00C04F79EFBC}") = "BreakStatementRollandcolumn", "BreakStatementRollandcolumn.csproj", "{A0E0A8FC-8B47-45E6-A07E-A64F3D37D207}"
EndProject
Global
	GlobalSection(SolutionConfigurationPlatforms) = preSolution
		Debug|Any CPU = Debug|Any CPU
		Release|Any CPU = Release|Any CPU
	EndGlobalSection
	GlobalSection(ProjectConfigurationPlatforms) = postSolution
		{A0E0A8FC-8B47-45E6-A07E-A64F3D37D207}.Debug|Any CPU.ActiveCfg = Debug|Any CPU
		{A0E0A8FC-8B47-45E6-A07E-A64F3D37D207}.Debug|Any CPU.Build.0 = Debug|Any CPU
		{A0E0A8FC-8B47-45E6-A07E-A64F3D37D207}.Release|Any CPU.ActiveCfg = Release|Any CPU
		{A0E0A8FC-8B47-45E6-A07E-A64F3D37D207}.Release|Any CPU.Build.0 = Release|Any CPU
	EndGlobalSection
	GlobalSection(SolutionProperties) = preSolution
		HideSolutionNode = FALSE
	EndGlobalSection
	GlobalSection(ExtensibilityGlobals) = postSolution
		SolutionGuid = {E96DE08F-475D-4ADC-A7A2-3A24B43994C7}
	EndGlobalSection
EndGlobal
