
Microsoft Visual Studio Solution File, Format Version 12.00
# Visual Studio Version 17
VisualStudioVersion = 17.8.34212.112
MinimumVisualStudioVersion = 10.0.40219.1
Project("{FAE04EC0-301F-11D3-BF4B-00C04F79EFBC}") = "rage10to50by3_forloop", "rage10to50by3_forloop.csproj", "{4C2C4BB5-B263-49E9-9C5D-8F2B6A57CF90}"
EndProject
Global
	GlobalSection(SolutionConfigurationPlatforms) = preSolution
		Debug|Any CPU = Debug|Any CPU
		Release|Any CPU = Release|Any CPU
	EndGlobalSection
	GlobalSection(ProjectConfigurationPlatforms) = postSolution
		{4C2C4BB5-B263-49E9-9C5D-8F2B6A57CF90}.Debug|Any CPU.ActiveCfg = Debug|Any CPU
		{4C2C4BB5-B263-49E9-9C5D-8F2B6A57CF90}.Debug|Any CPU.Build.0 = Debug|Any CPU
		{4C2C4BB5-B263-49E9-9C5D-8F2B6A57CF90}.Release|Any CPU.ActiveCfg = Release|Any CPU
		{4C2C4BB5-B263-49E9-9C5D-8F2B6A57CF90}.Release|Any CPU.Build.0 = Release|Any CPU
	EndGlobalSection
	GlobalSection(SolutionProperties) = preSolution
		HideSolutionNode = FALSE
	EndGlobalSection
	GlobalSection(ExtensibilityGlobals) = postSolution
		SolutionGuid = {60DFA15B-7E30-4FFA-8F81-0EE87356990D}
	EndGlobalSection
EndGlobal
