
Microsoft Visual Studio Solution File, Format Version 12.00
# Visual Studio Version 17
VisualStudioVersion = 17.8.34212.112
MinimumVisualStudioVersion = 10.0.40219.1
Project("{FAE04EC0-301F-11D3-BF4B-00C04F79EFBC}") = "var_arraylist", "var_arraylist.csproj", "{F859E5A8-21F8-43D0-9C28-6F36BFA7151A}"
EndProject
Global
	GlobalSection(SolutionConfigurationPlatforms) = preSolution
		Debug|Any CPU = Debug|Any CPU
		Release|Any CPU = Release|Any CPU
	EndGlobalSection
	GlobalSection(ProjectConfigurationPlatforms) = postSolution
		{F859E5A8-21F8-43D0-9C28-6F36BFA7151A}.Debug|Any CPU.ActiveCfg = Debug|Any CPU
		{F859E5A8-21F8-43D0-9C28-6F36BFA7151A}.Debug|Any CPU.Build.0 = Debug|Any CPU
		{F859E5A8-21F8-43D0-9C28-6F36BFA7151A}.Release|Any CPU.ActiveCfg = Release|Any CPU
		{F859E5A8-21F8-43D0-9C28-6F36BFA7151A}.Release|Any CPU.Build.0 = Release|Any CPU
	EndGlobalSection
	GlobalSection(SolutionProperties) = preSolution
		HideSolutionNode = FALSE
	EndGlobalSection
	GlobalSection(ExtensibilityGlobals) = postSolution
		SolutionGuid = {D216B308-E9D2-40BE-9439-6461AF14314F}
	EndGlobalSection
EndGlobal
