
Microsoft Visual Studio Solution File, Format Version 12.00
# Visual Studio Version 17
VisualStudioVersion = 17.8.34212.112
MinimumVisualStudioVersion = 10.0.40219.1
Project("{FAE04EC0-301F-11D3-BF4B-00C04F79EFBC}") = "age", "age.csproj", "{C55D938D-D64D-4EE7-B949-9B608BACC595}"
EndProject
Global
	GlobalSection(SolutionConfigurationPlatforms) = preSolution
		Debug|Any CPU = Debug|Any CPU
		Release|Any CPU = Release|Any CPU
	EndGlobalSection
	GlobalSection(ProjectConfigurationPlatforms) = postSolution
		{C55D938D-D64D-4EE7-B949-9B608BACC595}.Debug|Any CPU.ActiveCfg = Debug|Any CPU
		{C55D938D-D64D-4EE7-B949-9B608BACC595}.Debug|Any CPU.Build.0 = Debug|Any CPU
		{C55D938D-D64D-4EE7-B949-9B608BACC595}.Release|Any CPU.ActiveCfg = Release|Any CPU
		{C55D938D-D64D-4EE7-B949-9B608BACC595}.Release|Any CPU.Build.0 = Release|Any CPU
	EndGlobalSection
	GlobalSection(SolutionProperties) = preSolution
		HideSolutionNode = FALSE
	EndGlobalSection
	GlobalSection(ExtensibilityGlobals) = postSolution
		SolutionGuid = {1249D835-D139-4872-9430-E8895A637023}
	EndGlobalSection
EndGlobal
