
Microsoft Visual Studio Solution File, Format Version 12.00
# Visual Studio Version 17
VisualStudioVersion = 17.8.34212.112
MinimumVisualStudioVersion = 10.0.40219.1
Project("{FAE04EC0-301F-11D3-BF4B-00C04F79EFBC}") = "findfactorial", "findfactorial.csproj", "{1CAB7196-6EF2-405E-A6D0-B2B50F73FCD6}"
EndProject
Global
	GlobalSection(SolutionConfigurationPlatforms) = preSolution
		Debug|Any CPU = Debug|Any CPU
		Release|Any CPU = Release|Any CPU
	EndGlobalSection
	GlobalSection(ProjectConfigurationPlatforms) = postSolution
		{1CAB7196-6EF2-405E-A6D0-B2B50F73FCD6}.Debug|Any CPU.ActiveCfg = Debug|Any CPU
		{1CAB7196-6EF2-405E-A6D0-B2B50F73FCD6}.Debug|Any CPU.Build.0 = Debug|Any CPU
		{1CAB7196-6EF2-405E-A6D0-B2B50F73FCD6}.Release|Any CPU.ActiveCfg = Release|Any CPU
		{1CAB7196-6EF2-405E-A6D0-B2B50F73FCD6}.Release|Any CPU.Build.0 = Release|Any CPU
	EndGlobalSection
	GlobalSection(SolutionProperties) = preSolution
		HideSolutionNode = FALSE
	EndGlobalSection
	GlobalSection(ExtensibilityGlobals) = postSolution
		SolutionGuid = {BB9F8E25-0A03-4AC3-B137-9C531BB2A4D5}
	EndGlobalSection
EndGlobal
