
Microsoft Visual Studio Solution File, Format Version 12.00
# Visual Studio Version 17
VisualStudioVersion = 17.8.34212.112
MinimumVisualStudioVersion = 10.0.40219.1
Project("{FAE04EC0-301F-11D3-BF4B-00C04F79EFBC}") = "operator", "operator.csproj", "{29ABDA78-EEC9-4A2C-AFBD-AC94DDA51054}"
EndProject
Global
	GlobalSection(SolutionConfigurationPlatforms) = preSolution
		Debug|Any CPU = Debug|Any CPU
		Release|Any CPU = Release|Any CPU
	EndGlobalSection
	GlobalSection(ProjectConfigurationPlatforms) = postSolution
		{29ABDA78-EEC9-4A2C-AFBD-AC94DDA51054}.Debug|Any CPU.ActiveCfg = Debug|Any CPU
		{29ABDA78-EEC9-4A2C-AFBD-AC94DDA51054}.Debug|Any CPU.Build.0 = Debug|Any CPU
		{29ABDA78-EEC9-4A2C-AFBD-AC94DDA51054}.Release|Any CPU.ActiveCfg = Release|Any CPU
		{29ABDA78-EEC9-4A2C-AFBD-AC94DDA51054}.Release|Any CPU.Build.0 = Release|Any CPU
	EndGlobalSection
	GlobalSection(SolutionProperties) = preSolution
		HideSolutionNode = FALSE
	EndGlobalSection
	GlobalSection(ExtensibilityGlobals) = postSolution
		SolutionGuid = {F7AC4681-D67E-4611-916C-D73462426A47}
	EndGlobalSection
EndGlobal
